// !$*UTF8*$!
{
	archiveVersion = 1;
	classes = {
	};
	objectVersion = 77;
	objects = {

/* Begin PBXBuildFile section */
		A10000000000000000000001 /* ClipboardCore in Frameworks */ = {isa = PBXBuildFile; productRef = A10000000000000000000002 /* ClipboardCore */; };
		A10000000000000000000014 /* ClipboardPanelView.swift in Sources */ = {isa = PBXBuildFile; fileRef = A10000000000000000000015 /* ClipboardPanelView.swift */; };
		A10000000000000000000016 /* ClipboardPanelHostingView.swift in Sources */ = {isa = PBXBuildFile; fileRef = A10000000000000000000017 /* ClipboardPanelHostingView.swift */; };
		A10000000000000000000018 /* ClipboardSettingsView.swift in Sources */ = {isa = PBXBuildFile; fileRef = A10000000000000000000019 /* ClipboardSettingsView.swift */; };
		A10000000000000000000020 /* ShortcutRecorder.swift in Sources */ = {isa = PBXBuildFile; fileRef = A10000000000000000000021 /* ShortcutRecorder.swift */; };
/* End PBXBuildFile section */

/* Begin PBXFileReference section */
		A10000000000000000000003 /* ClipboardManager.app */ = {isa = PBXFileReference; explicitFileType = wrapper.application; includeInIndex = 0; path = ClipboardManager.app; sourceTree = BUILT_PRODUCTS_DIR; };
		A10000000000000000000004 /* ClipboardManagerApp.swift */ = {isa = PBXFileReference; lastKnownFileType = sourcecode.swift; path = ClipboardManagerApp.swift; sourceTree = "<group>"; };
		A10000000000000000000015 /* ClipboardPanelView.swift */ = {isa = PBXFileReference; lastKnownFileType = sourcecode.swift; path = ClipboardPanelView.swift; sourceTree = "<group>"; };
		A10000000000000000000017 /* ClipboardPanelHostingView.swift */ = {isa = PBXFileReference; lastKnownFileType = sourcecode.swift; path = ClipboardPanelHostingView.swift; sourceTree = "<group>"; };
		A10000000000000000000019 /* ClipboardSettingsView.swift */ = {isa = PBXFileReference; lastKnownFileType = sourcecode.swift; path = ClipboardSettingsView.swift; sourceTree = "<group>"; };
		A10000000000000000000021 /* ShortcutRecorder.swift */ = {isa = PBXFileReference; lastKnownFileType = sourcecode.swift; path = ShortcutRecorder.swift; sourceTree = "<group>"; };
/* End PBXFileReference section */

/* Begin PBXFrameworksBuildPhase section */
		A10000000000000000000005 /* Frameworks */ = {
			isa = PBXFrameworksBuildPhase;
			buildActionMask = 2147483647;
			files = (
				A10000000000000000000001 /* ClipboardCore in Frameworks */,
			);
			runOnlyForDeploymentPostprocessing = 0;
		};
/* End PBXFrameworksBuildPhase section */

/* Begin PBXGroup section */
		A10000000000000000000006 = {
			isa = PBXGroup;
			children = (
				A10000000000000000000007 /* App */,
				A10000000000000000000008 /* Products */,
			);
			sourceTree = "<group>";
		};
		A10000000000000000000007 /* App */ = {
			isa = PBXGroup;
			children = (
				A10000000000000000000004 /* ClipboardManagerApp.swift */,
				A10000000000000000000015 /* ClipboardPanelView.swift */,
				A10000000000000000000017 /* ClipboardPanelHostingView.swift */,
				A10000000000000000000019 /* ClipboardSettingsView.swift */,
				A10000000000000000000021 /* ShortcutRecorder.swift */,
			);
			path = App;
			sourceTree = "<group>";
		};
		A10000000000000000000008 /* Products */ = {
			isa = PBXGroup;
			children = (
				A10000000000000000000003 /* ClipboardManager.app */,
			);
			name = Products;
			sourceTree = "<group>";
		};
/* End PBXGroup section */

/* Begin PBXNativeTarget section */
		A10000000000000000000009 /* ClipboardManager */ = {
			isa = PBXNativeTarget;
			buildConfigurationList = A1000000000000000000000A /* Build configuration list for PBXNativeTarget \"ClipboardManager\" */;
			buildPhases = (
				A1000000000000000000000B /* Sources */,
				A10000000000000000000005 /* Frameworks */,
			);
			buildRules = (
			);
			dependencies = (
			);
			name = ClipboardManager;
			packageProductDependencies = (
				A10000000000000000000002 /* ClipboardCore */,
			);
			productName = ClipboardManager;
			productReference = A10000000000000000000003 /* ClipboardManager.app */;
			productType = "com.apple.product-type.application";
		};
/* End PBXNativeTarget section */

/* Begin PBXProject section */
		A1000000000000000000000C /* Project object */ = {
			isa = PBXProject;
			attributes = {
				BuildIndependentTargetsInParallel = 1;
				LastSwiftUpdateCheck = 2630;
				LastUpgradeCheck = 2630;
				TargetAttributes = {
					A10000000000000000000009 = {
						CreatedOnToolsVersion = 26.3;
					};
				};
			};
			buildConfigurationList = A1000000000000000000000D /* Build configuration list for PBXProject \"ClipboardManager\" */;
			developmentRegion = en;
			hasScannedForEncodings = 0;
			knownRegions = (
				en,
				Base,
			);
			mainGroup = A10000000000000000000006;
			minimizedProjectReferenceProxies = 1;
			packageReferences = (
				A1000000000000000000000E /* XCLocalSwiftPackageReference \".\" */,
			);
			preferredProjectObjectVersion = 77;
			productRefGroup = A10000000000000000000008 /* Products */;
			projectDirPath = "";
			projectRoot = "";
			targets = (
				A10000000000000000000009 /* ClipboardManager */,
			);
		};
/* End PBXProject section */

/* Begin PBXResourcesBuildPhase section */
/* End PBXResourcesBuildPhase section */

/* Begin PBXSourcesBuildPhase section */
		A1000000000000000000000B /* Sources */ = {
			isa = PBXSourcesBuildPhase;
			buildActionMask = 2147483647;
			files = (
				A1000000000000000000000F /* ClipboardManagerApp.swift in Sources */,
				A10000000000000000000014 /* ClipboardPanelView.swift in Sources */,
				A10000000000000000000016 /* ClipboardPanelHostingView.swift in Sources */,
				A10000000000000000000018 /* ClipboardSettingsView.swift in Sources */,
				A10000000000000000000020 /* ShortcutRecorder.swift in Sources */,
			);
			runOnlyForDeploymentPostprocessing = 0;
		};
/* End PBXSourcesBuildPhase section */

/* Begin PBXBuildFile section */
		A1000000000000000000000F /* ClipboardManagerApp.swift in Sources */ = {isa = PBXBuildFile; fileRef = A10000000000000000000004 /* ClipboardManagerApp.swift */; };
/* End PBXBuildFile section */

/* Begin XCBuildConfiguration section */
		A10000000000000000000010 /* Debug */ = {
			isa = XCBuildConfiguration;
			buildSettings = {
				ALWAYS_SEARCH_USER_PATHS = NO;
				CLANG_ENABLE_MODULES = YES;
				CLANG_ENABLE_OBJC_ARC = YES;
				CLANG_WARN_DOCUMENTATION_COMMENTS = YES;
				COPY_PHASE_STRIP = NO;
				DEBUG_INFORMATION_FORMAT = dwarf;
				ENABLE_STRICT_OBJC_MSGSEND = YES;
				ENABLE_TESTABILITY = YES;
				GCC_C_LANGUAGE_STANDARD = gnu17;
				GCC_NO_COMMON_BLOCKS = YES;
				MACOSX_DEPLOYMENT_TARGET = 26.0;
				MTL_ENABLE_DEBUG_INFO = INCLUDE_SOURCE;
				ONLY_ACTIVE_ARCH = YES;
				SDKROOT = macosx;
				SWIFT_ACTIVE_COMPILATION_CONDITIONS = "DEBUG $(inherited)";
				SWIFT_OPTIMIZATION_LEVEL = "-Onone";
			};
			name = Debug;
		};
		A10000000000000000000011 /* Release */ = {
			isa = XCBuildConfiguration;
			buildSettings = {
				ALWAYS_SEARCH_USER_PATHS = NO;
				CLANG_ENABLE_MODULES = YES;
				CLANG_ENABLE_OBJC_ARC = YES;
				CLANG_WARN_DOCUMENTATION_COMMENTS = YES;
				COPY_PHASE_STRIP = YES;
				DEBUG_INFORMATION_FORMAT = "dwarf-with-dsym";
				ENABLE_NS_ASSERTIONS = NO;
				ENABLE_STRICT_OBJC_MSGSEND = YES;
				GCC_C_LANGUAGE_STANDARD = gnu17;
				GCC_NO_COMMON_BLOCKS = YES;
				MACOSX_DEPLOYMENT_TARGET = 26.0;
				SDKROOT = macosx;
				SWIFT_COMPILATION_MODE = wholemodule;
			};
			name = Release;
		};
		A10000000000000000000012 /* Debug */ = {
			isa = XCBuildConfiguration;
			buildSettings = {
				ASSETCATALOG_COMPILER_APPICON_NAME = "";
				CODE_SIGN_STYLE = Automatic;
				COMBINE_HIDPI_IMAGES = YES;
				CURRENT_PROJECT_VERSION = 1;
				DEVELOPMENT_TEAM = "";
				ENABLE_HARDENED_RUNTIME = YES;
				GENERATE_INFOPLIST_FILE = YES;
				INFOPLIST_KEY_LSApplicationCategoryType = "public.app-category.productivity";
				LD_RUNPATH_SEARCH_PATHS = "$(inherited) @executable_path/../Frameworks";
				MACOSX_DEPLOYMENT_TARGET = 26.0;
				MARKETING_VERSION = 0.1.0;
				PRODUCT_BUNDLE_IDENTIFIER = com.example.ClipboardManager;
				PRODUCT_NAME = "$(TARGET_NAME)";
				SWIFT_EMIT_LOC_STRINGS = YES;
				SWIFT_VERSION = 6.0;
			};
			name = Debug;
		};
		A10000000000000000000013 /* Release */ = {
			isa = XCBuildConfiguration;
			buildSettings = {
				ASSETCATALOG_COMPILER_APPICON_NAME = "";
				CODE_SIGN_STYLE = Automatic;
				COMBINE_HIDPI_IMAGES = YES;
				CURRENT_PROJECT_VERSION = 1;
				DEVELOPMENT_TEAM = "";
				ENABLE_HARDENED_RUNTIME = YES;
				GENERATE_INFOPLIST_FILE = YES;
				INFOPLIST_KEY_LSApplicationCategoryType = "public.app-category.productivity";
				LD_RUNPATH_SEARCH_PATHS = "$(inherited) @executable_path/../Frameworks";
				MACOSX_DEPLOYMENT_TARGET = 26.0;
				MARKETING_VERSION = 0.1.0;
				PRODUCT_BUNDLE_IDENTIFIER = com.example.ClipboardManager;
				PRODUCT_NAME = "$(TARGET_NAME)";
				SWIFT_EMIT_LOC_STRINGS = YES;
				SWIFT_VERSION = 6.0;
			};
			name = Release;
		};
/* End XCBuildConfiguration section */

/* Begin XCConfigurationList section */
		A1000000000000000000000A /* Build configuration list for PBXNativeTarget \"ClipboardManager\" */ = {
			isa = XCConfigurationList;
			buildConfigurations = (
				A10000000000000000000012 /* Debug */,
				A10000000000000000000013 /* Release */,
			);
			defaultConfigurationIsVisible = 0;
			defaultConfigurationName = Release;
		};
		A1000000000000000000000D /* Build configuration list for PBXProject \"ClipboardManager\" */ = {
			isa = XCConfigurationList;
			buildConfigurations = (
				A10000000000000000000010 /* Debug */,
				A10000000000000000000011 /* Release */,
			);
			defaultConfigurationIsVisible = 0;
			defaultConfigurationName = Release;
		};
/* End XCConfigurationList section */

/* Begin XCLocalSwiftPackageReference section */
		A1000000000000000000000E /* XCLocalSwiftPackageReference \".\" */ = {
			isa = XCLocalSwiftPackageReference;
			relativePath = .;
		};
/* End XCLocalSwiftPackageReference section */

/* Begin XCSwiftPackageProductDependency section */
		A10000000000000000000002 /* ClipboardCore */ = {
			isa = XCSwiftPackageProductDependency;
			package = A1000000000000000000000E /* XCLocalSwiftPackageReference \".\" */;
			productName = ClipboardCore;
		};
/* End XCSwiftPackageProductDependency section */
	};
	rootObject = A1000000000000000000000C /* Project object */;
}
